// !$*UTF8*$!
{
	archiveVersion = 1;
	classes = {
	};
	objectVersion = 46;
	objects = {

/* Begin PBXBuildFile section */
		CE283A681F5F341900922B2E /* AppDelegate.swift in Sources */ = {isa = PBXBuildFile; fileRef = CE283A671F5F341900922B2E /* AppDelegate.swift */; };
		CE283A6D1F5F341900922B2E /* Main.storyboard in Resources */ = {isa = PBXBuildFile; fileRef = CE283A6B1F5F341900922B2E /* Main.storyboard */; };
		CE283A6F1F5F341900922B2E /* Assets.xcassets in Resources */ = {isa = PBXBuildFile; fileRef = CE283A6E1F5F341900922B2E /* Assets.xcassets */; };
		CE283A721F5F341900922B2E /* LaunchScreen.storyboard in Resources */ = {isa = PBXBuildFile; fileRef = CE283A701F5F341900922B2E /* LaunchScreen.storyboard */; };
		CE283A7D1F5F341900922B2E /* DataStructuresTests.swift in Sources */ = {isa = PBXBuildFile; fileRef = CE283A7C1F5F341900922B2E /* DataStructuresTests.swift */; };
		CE283A8A1F5F36E200922B2E /* LinkedListViewController.swift in Sources */ = {isa = PBXBuildFile; fileRef = CE283A891F5F36E200922B2E /* LinkedListViewController.swift */; };
		CE283A8C1F5F36FC00922B2E /* StackViewController.swift in Sources */ = {isa = PBXBuildFile; fileRef = CE283A8B1F5F36FC00922B2E /* StackViewController.swift */; };
		CE283A8E1F5F370800922B2E /* QueueViewController.swift in Sources */ = {isa = PBXBuildFile; fileRef = CE283A8D1F5F370800922B2E /* QueueViewController.swift */; };
		CE283A911F5F372400922B2E /* StackObject.swift in Sources */ = {isa = PBXBuildFile; fileRef = CE283A901F5F372400922B2E /* StackObject.swift */; };
		CE283A931F5F375300922B2E /* QueueObject.swift in Sources */ = {isa = PBXBuildFile; fileRef = CE283A921F5F375300922B2E /* QueueObject.swift */; };
		CE283A951F5F376B00922B2E /* LinkedListObject.swift in Sources */ = {isa = PBXBuildFile; fileRef = CE283A941F5F376B00922B2E /* LinkedListObject.swift */; };
/* End PBXBuildFile section */

/* Begin PBXContainerItemProxy section */
		CE283A791F5F341900922B2E /* PBXContainerItemProxy */ = {
			isa = PBXContainerItemProxy;
			containerPortal = CE283A5C1F5F341900922B2E /* Project object */;
			proxyType = 1;
			remoteGlobalIDString = CE283A631F5F341900922B2E;
			remoteInfo = DataStructures;
		};
/* End PBXContainerItemProxy section */

/* Begin PBXFileReference section */
		CE283A641F5F341900922B2E /* DataStructures.app */ = {isa = PBXFileReference; explicitFileType = wrapper.application; includeInIndex = 0; path = DataStructures.app; sourceTree = BUILT_PRODUCTS_DIR; };
		CE283A671F5F341900922B2E /* AppDelegate.swift */ = {isa = PBXFileReference; lastKnownFileType = sourcecode.swift; path = AppDelegate.swift; sourceTree = "<group>"; };
		CE283A6C1F5F341900922B2E /* Base */ = {isa = PBXFileReference; lastKnownFileType = file.storyboard; name = Base; path = Base.lproj/Main.storyboard; sourceTree = "<group>"; };
		CE283A6E1F5F341900922B2E /* Assets.xcassets */ = {isa = PBXFileReference; lastKnownFileType = folder.assetcatalog; path = Assets.xcassets; sourceTree = "<group>"; };
		CE283A711F5F341900922B2E /* Base */ = {isa = PBXFileReference; lastKnownFileType = file.storyboard; name = Base; path = Base.lproj/LaunchScreen.storyboard; sourceTree = "<group>"; };
		CE283A731F5F341900922B2E /* Info.plist */ = {isa = PBXFileReference; lastKnownFileType = text.plist.xml; path = Info.plist; sourceTree = "<group>"; };
		CE283A781F5F341900922B2E /* DataStructuresTests.xctest */ = {isa = PBXFileReference; explicitFileType = wrapper.cfbundle; includeInIndex = 0; path = DataStructuresTests.xctest; sourceTree = BUILT_PRODUCTS_DIR; };
		CE283A7C1F5F341900922B2E /* DataStructuresTests.swift */ = {isa = PBXFileReference; lastKnownFileType = sourcecode.swift; path = DataStructuresTests.swift; sourceTree = "<group>"; };
		CE283A7E1F5F341900922B2E /* Info.plist */ = {isa = PBXFileReference; lastKnownFileType = text.plist.xml; path = Info.plist; sourceTree = "<group>"; };
		CE283A891F5F36E200922B2E /* LinkedListViewController.swift */ = {isa = PBXFileReference; fileEncoding = 4; lastKnownFileType = sourcecode.swift; path = LinkedListViewController.swift; sourceTree = "<group>"; };
		CE283A8B1F5F36FC00922B2E /* StackViewController.swift */ = {isa = PBXFileReference; fileEncoding = 4; lastKnownFileType = sourcecode.swift; path = StackViewController.swift; sourceTree = "<group>"; };
		CE283A8D1F5F370800922B2E /* QueueViewController.swift */ = {isa = PBXFileReference; fileEncoding = 4; lastKnownFileType = sourcecode.swift; path = QueueViewController.swift; sourceTree = "<group>"; };
		CE283A901F5F372400922B2E /* StackObject.swift */ = {isa = PBXFileReference; fileEncoding = 4; lastKnownFileType = sourcecode.swift; path = StackObject.swift; sourceTree = "<group>"; };
		CE283A921F5F375300922B2E /* QueueObject.swift */ = {isa = PBXFileReference; fileEncoding = 4; lastKnownFileType = sourcecode.swift; name = QueueObject.swift; path = ../QueueObject.swift; sourceTree = "<group>"; };
		CE283A941F5F376B00922B2E /* LinkedListObject.swift */ = {isa = PBXFileReference; fileEncoding = 4; lastKnownFileType = sourcecode.swift; name = LinkedListObject.swift; path = ../LinkedListObject.swift; sourceTree = "<group>"; };
/* End PBXFileReference section */

/* Begin PBXFrameworksBuildPhase section */
		CE283A611F5F341900922B2E /* Frameworks */ = {
			isa = PBXFrameworksBuildPhase;
			buildActionMask = 2147483647;
			files = (
			);
			runOnlyForDeploymentPostprocessing = 0;
		};
		CE283A751F5F341900922B2E /* Frameworks */ = {
			isa = PBXFrameworksBuildPhase;
			buildActionMask = 2147483647;
			files = (
			);
			runOnlyForDeploymentPostprocessing = 0;
		};
/* End PBXFrameworksBuildPhase section */

/* Begin PBXGroup section */
		CE283A5B1F5F341900922B2E = {
			isa = PBXGroup;
			children = (
				CE283A661F5F341900922B2E /* DataStructures */,
				CE283A7B1F5F341900922B2E /* DataStructuresTests */,
				CE283A651F5F341900922B2E /* Products */,
			);
			sourceTree = "<group>";
		};
		CE283A651F5F341900922B2E /* Products */ = {
			isa = PBXGroup;
			children = (
				CE283A641F5F341900922B2E /* DataStructures.app */,
				CE283A781F5F341900922B2E /* DataStructuresTests.xctest */,
			);
			name = Products;
			sourceTree = "<group>";
		};
		CE283A661F5F341900922B2E /* DataStructures */ = {
			isa = PBXGroup;
			children = (
				CE283A671F5F341900922B2E /* AppDelegate.swift */,
				CE283A961F5F377600922B2E /* Model */,
				CE283A8F1F5F371000922B2E /* Views */,
				CE283A6B1F5F341900922B2E /* Main.storyboard */,
				CE283A6E1F5F341900922B2E /* Assets.xcassets */,
				CE283A701F5F341900922B2E /* LaunchScreen.storyboard */,
				CE283A731F5F341900922B2E /* Info.plist */,
			);
			path = DataStructures;
			sourceTree = "<group>";
		};
		CE283A7B1F5F341900922B2E /* DataStructuresTests */ = {
			isa = PBXGroup;
			children = (
				CE283A7C1F5F341900922B2E /* DataStructuresTests.swift */,
				CE283A7E1F5F341900922B2E /* Info.plist */,
			);
			path = DataStructuresTests;
			sourceTree = "<group>";
		};
		CE283A8F1F5F371000922B2E /* Views */ = {
			isa = PBXGroup;
			children = (
				CE283A891F5F36E200922B2E /* LinkedListViewController.swift */,
				CE283A8B1F5F36FC00922B2E /* StackViewController.swift */,
				CE283A8D1F5F370800922B2E /* QueueViewController.swift */,
			);
			name = Views;
			sourceTree = "<group>";
		};
		CE283A961F5F377600922B2E /* Model */ = {
			isa = PBXGroup;
			children = (
				CE283A941F5F376B00922B2E /* LinkedListObject.swift */,
				CE283A921F5F375300922B2E /* QueueObject.swift */,
				CE283A901F5F372400922B2E /* StackObject.swift */,
			);
			name = Model;
			sourceTree = "<group>";
		};
/* End PBXGroup section */

/* Begin PBXNativeTarget section */
		CE283A631F5F341900922B2E /* DataStructures */ = {
			isa = PBXNativeTarget;
			buildConfigurationList = CE283A811F5F341900922B2E /* Build configuration list for PBXNativeTarget "DataStructures" */;
			buildPhases = (
				CE283A601F5F341900922B2E /* Sources */,
				CE283A611F5F341900922B2E /* Frameworks */,
				CE283A621F5F341900922B2E /* Resources */,
			);
			buildRules = (
			);
			dependencies = (
			);
			name = DataStructures;
			productName = DataStructures;
			productReference = CE283A641F5F341900922B2E /* DataStructures.app */;
			productType = "com.apple.product-type.application";
		};
		CE283A771F5F341900922B2E /* DataStructuresTests */ = {
			isa = PBXNativeTarget;
			buildConfigurationList = CE283A841F5F341900922B2E /* Build configuration list for PBXNativeTarget "DataStructuresTests" */;
			buildPhases = (
				CE283A741F5F341900922B2E /* Sources */,
				CE283A751F5F341900922B2E /* Frameworks */,
				CE283A761F5F341900922B2E /* Resources */,
			);
			buildRules = (
			);
			dependencies = (
				CE283A7A1F5F341900922B2E /* PBXTargetDependency */,
			);
			name = DataStructuresTests;
			productName = DataStructuresTests;
			productReference = CE283A781F5F341900922B2E /* DataStructuresTests.xctest */;
			productType = "com.apple.product-type.bundle.unit-test";
		};
/* End PBXNativeTarget section */

/* Begin PBXProject section */
		CE283A5C1F5F341900922B2E /* Project object */ = {
			isa = PBXProject;
			attributes = {
				LastSwiftUpdateCheck = 0820;
				LastUpgradeCheck = 0820;
				ORGANIZATIONNAME = DemetrioPerez;
				TargetAttributes = {
					CE283A631F5F341900922B2E = {
						CreatedOnToolsVersion = 8.2;
						DevelopmentTeam = 2UR7A92HF8;
						ProvisioningStyle = Automatic;
					};
					CE283A771F5F341900922B2E = {
						CreatedOnToolsVersion = 8.2;
						DevelopmentTeam = 2UR7A92HF8;
						ProvisioningStyle = Automatic;
						TestTargetID = CE283A631F5F341900922B2E;
					};
				};
			};
			buildConfigurationList = CE283A5F1F5F341900922B2E /* Build configuration list for PBXProject "DataStructures" */;
			compatibilityVersion = "Xcode 3.2";
			developmentRegion = English;
			hasScannedForEncodings = 0;
			knownRegions = (
				en,
				Base,
			);
			mainGroup = CE283A5B1F5F341900922B2E;
			productRefGroup = CE283A651F5F341900922B2E /* Products */;
			projectDirPath = "";
			projectRoot = "";
			targets = (
				CE283A631F5F341900922B2E /* DataStructures */,
				CE283A771F5F341900922B2E /* DataStructuresTests */,
			);
		};
/* End PBXProject section */

/* Begin PBXResourcesBuildPhase section */
		CE283A621F5F341900922B2E /* Resources */ = {
			isa = PBXResourcesBuildPhase;
			buildActionMask = 2147483647;
			files = (
				CE283A721F5F341900922B2E /* LaunchScreen.storyboard in Resources */,
				CE283A6F1F5F341900922B2E /* Assets.xcassets in Resources */,
				CE283A6D1F5F341900922B2E /* Main.storyboard in Resources */,
			);
			runOnlyForDeploymentPostprocessing = 0;
		};
		CE283A761F5F341900922B2E /* Resources */ = {
			isa = PBXResourcesBuildPhase;
			buildActionMask = 2147483647;
			files = (
			);
			runOnlyForDeploymentPostprocessing = 0;
		};
/* End PBXResourcesBuildPhase section */

/* Begin PBXSourcesBuildPhase section */
		CE283A601F5F341900922B2E /* Sources */ = {
			isa = PBXSourcesBuildPhase;
			buildActionMask = 2147483647;
			files = (
				CE283A931F5F375300922B2E /* QueueObject.swift in Sources */,
				CE283A8E1F5F370800922B2E /* QueueViewController.swift in Sources */,
				CE283A8A1F5F36E200922B2E /* LinkedListViewController.swift in Sources */,
				CE283A951F5F376B00922B2E /* LinkedListObject.swift in Sources */,
				CE283A8C1F5F36FC00922B2E /* StackViewController.swift in Sources */,
				CE283A911F5F372400922B2E /* StackObject.swift in Sources */,
				CE283A681F5F341900922B2E /* AppDelegate.swift in Sources */,
			);
			runOnlyForDeploymentPostprocessing = 0;
		};
		CE283A741F5F341900922B2E /* Sources */ = {
			isa = PBXSourcesBuildPhase;
			buildActionMask = 2147483647;
			files = (
				CE283A7D1F5F341900922B2E /* DataStructuresTests.swift in Sources */,
			);
			runOnlyForDeploymentPostprocessing = 0;
		};
/* End PBXSourcesBuildPhase section */

/* Begin PBXTargetDependency section */
		CE283A7A1F5F341900922B2E /* PBXTargetDependency */ = {
			isa = PBXTargetDependency;
			target = CE283A631F5F341900922B2E /* DataStructures */;
			targetProxy = CE283A791F5F341900922B2E /* PBXContainerItemProxy */;
		};
/* End PBXTargetDependency section */

/* Begin PBXVariantGroup section */
		CE283A6B1F5F341900922B2E /* Main.storyboard */ = {
			isa = PBXVariantGroup;
			children = (
				CE283A6C1F5F341900922B2E /* Base */,
			);
			name = Main.storyboard;
			sourceTree = "<group>";
		};
		CE283A701F5F341900922B2E /* LaunchScreen.storyboard */ = {
			isa = PBXVariantGroup;
			children = (
				CE283A711F5F341900922B2E /* Base */,
			);
			name = LaunchScreen.storyboard;
			sourceTree = "<group>";
		};
/* End PBXVariantGroup section */

/* Begin XCBuildConfiguration section */
		CE283A7F1F5F341900922B2E /* Debug */ = {
			isa = XCBuildConfiguration;
			buildSettings = {
				ALWAYS_SEARCH_USER_PATHS = NO;
				CLANG_ANALYZER_NONNULL = YES;
				CLANG_CXX_LANGUAGE_STANDARD = "gnu++0x";
				CLANG_CXX_LIBRARY = "libc++";
				CLANG_ENABLE_MODULES = YES;
				CLANG_ENABLE_OBJC_ARC = YES;
				CLANG_WARN_BOOL_CONVERSION = YES;
				CLANG_WARN_CONSTANT_CONVERSION = YES;
				CLANG_WARN_DIRECT_OBJC_ISA_USAGE = YES_ERROR;
				CLANG_WARN_DOCUMENTATION_COMMENTS = YES;
				CLANG_WARN_EMPTY_BODY = YES;
				CLANG_WARN_ENUM_CONVERSION = YES;
				CLANG_WARN_INFINITE_RECURSION = YES;
				CLANG_WARN_INT_CONVERSION = YES;
				CLANG_WARN_OBJC_ROOT_CLASS = YES_ERROR;
				CLANG_WARN_SUSPICIOUS_MOVE = YES;
				CLANG_WARN_UNREACHABLE_CODE = YES;
				CLANG_WARN__DUPLICATE_METHOD_MATCH = YES;
				"CODE_SIGN_IDENTITY[sdk=iphoneos*]" = "iPhone Developer";
				COPY_PHASE_STRIP = NO;
				DEBUG_INFORMATION_FORMAT = dwarf;
				ENABLE_STRICT_OBJC_MSGSEND = YES;
				ENABLE_TESTABILITY = YES;
				GCC_C_LANGUAGE_STANDARD = gnu99;
				GCC_DYNAMIC_NO_PIC = NO;
				GCC_NO_COMMON_BLOCKS = YES;
				GCC_OPTIMIZATION_LEVEL = 0;
				GCC_PREPROCESSOR_DEFINITIONS = (
					"DEBUG=1",
					"$(inherited)",
				);
				GCC_WARN_64_TO_32_BIT_CONVERSION = YES;
				GCC_WARN_ABOUT_RETURN_TYPE = YES_ERROR;
				GCC_WARN_UNDECLARED_SELECTOR = YES;
				GCC_WARN_UNINITIALIZED_AUTOS = YES_AGGRESSIVE;
				GCC_WARN_UNUSED_FUNCTION = YES;
				GCC_WARN_UNUSED_VARIABLE = YES;
				IPHONEOS_DEPLOYMENT_TARGET = 10.2;
				MTL_ENABLE_DEBUG_INFO = YES;
				ONLY_ACTIVE_ARCH = YES;
				SDKROOT = iphoneos;
				SWIFT_ACTIVE_COMPILATION_CONDITIONS = DEBUG;
				SWIFT_OPTIMIZATION_LEVEL = "-Onone";
				TARGETED_DEVICE_FAMILY = "1,2";
			};
			name = Debug;
		};
		CE283A801F5F341900922B2E /* Release */ = {
			isa = XCBuildConfiguration;
			buildSettings = {
				ALWAYS_SEARCH_USER_PATHS = NO;
				CLANG_ANALYZER_NONNULL = YES;
				CLANG_CXX_LANGUAGE_STANDARD = "gnu++0x";
				CLANG_CXX_LIBRARY = "libc++";
				CLANG_ENABLE_MODULES = YES;
				CLANG_ENABLE_OBJC_ARC = YES;
				CLANG_WARN_BOOL_CONVERSION = YES;
				CLANG_WARN_CONSTANT_CONVERSION = YES;
				CLANG_WARN_DIRECT_OBJC_ISA_USAGE = YES_ERROR;
				CLANG_WARN_DOCUMENTATION_COMMENTS = YES;
				CLANG_WARN_EMPTY_BODY = YES;
				CLANG_WARN_ENUM_CONVERSION = YES;
				CLANG_WARN_INFINITE_RECURSION = YES;
				CLANG_WARN_INT_CONVERSION = YES;
				CLANG_WARN_OBJC_ROOT_CLASS = YES_ERROR;
				CLANG_WARN_SUSPICIOUS_MOVE = YES;
				CLANG_WARN_UNREACHABLE_CODE = YES;
				CLANG_WARN__DUPLICATE_METHOD_MATCH = YES;
				"CODE_SIGN_IDENTITY[sdk=iphoneos*]" = "iPhone Developer";
				COPY_PHASE_STRIP = NO;
				DEBUG_INFORMATION_FORMAT = "dwarf-with-dsym";
				ENABLE_NS_ASSERTIONS = NO;
				ENABLE_STRICT_OBJC_MSGSEND = YES;
				GCC_C_LANGUAGE_STANDARD = gnu99;
				GCC_NO_COMMON_BLOCKS = YES;
				GCC_WARN_64_TO_32_BIT_CONVERSION = YES;
				GCC_WARN_ABOUT_RETURN_TYPE = YES_ERROR;
				GCC_WARN_UNDECLARED_SELECTOR = YES;
				GCC_WARN_UNINITIALIZED_AUTOS = YES_AGGRESSIVE;
				GCC_WARN_UNUSED_FUNCTION = YES;
				GCC_WARN_UNUSED_VARIABLE = YES;
				IPHONEOS_DEPLOYMENT_TARGET = 10.2;
				MTL_ENABLE_DEBUG_INFO = NO;
				SDKROOT = iphoneos;
				SWIFT_OPTIMIZATION_LEVEL = "-Owholemodule";
				TARGETED_DEVICE_FAMILY = "1,2";
				VALIDATE_PRODUCT = YES;
			};
			name = Release;
		};
		CE283A821F5F341900922B2E /* Debug */ = {
			isa = XCBuildConfiguration;
			buildSettings = {
				ASSETCATALOG_COMPILER_APPICON_NAME = AppIcon;
				DEVELOPMENT_TEAM = 2UR7A92HF8;
				INFOPLIST_FILE = DataStructures/Info.plist;
				LD_RUNPATH_SEARCH_PATHS = "$(inherited) @executable_path/Frameworks";
				PRODUCT_BUNDLE_IDENTIFIER = Demetrio.DataStructures;
				PRODUCT_NAME = "$(TARGET_NAME)";
				SWIFT_VERSION = 3.0;
			};
			name = Debug;
		};
		CE283A831F5F341900922B2E /* Release */ = {
			isa = XCBuildConfiguration;
			buildSettings = {
				ASSETCATALOG_COMPILER_APPICON_NAME = AppIcon;
				DEVELOPMENT_TEAM = 2UR7A92HF8;
				INFOPLIST_FILE = DataStructures/Info.plist;
				LD_RUNPATH_SEARCH_PATHS = "$(inherited) @executable_path/Frameworks";
				PRODUCT_BUNDLE_IDENTIFIER = Demetrio.DataStructures;
				PRODUCT_NAME = "$(TARGET_NAME)";
				SWIFT_VERSION = 3.0;
			};
			name = Release;
		};
		CE283A851F5F341900922B2E /* Debug */ = {
			isa = XCBuildConfiguration;
			buildSettings = {
				ALWAYS_EMBED_SWIFT_STANDARD_LIBRARIES = YES;
				BUNDLE_LOADER = "$(TEST_HOST)";
				DEVELOPMENT_TEAM = 2UR7A92HF8;
				INFOPLIST_FILE = DataStructuresTests/Info.plist;
				LD_RUNPATH_SEARCH_PATHS = "$(inherited) @executable_path/Frameworks @loader_path/Frameworks";
				PRODUCT_BUNDLE_IDENTIFIER = Demetrio.DataStructuresTests;
				PRODUCT_NAME = "$(TARGET_NAME)";
				SWIFT_VERSION = 3.0;
				TEST_HOST = "$(BUILT_PRODUCTS_DIR)/DataStructures.app/DataStructures";
			};
			name = Debug;
		};
		CE283A861F5F341900922B2E /* Release */ = {
			isa = XCBuildConfiguration;
			buildSettings = {
				ALWAYS_EMBED_SWIFT_STANDARD_LIBRARIES = YES;
				BUNDLE_LOADER = "$(TEST_HOST)";
				DEVELOPMENT_TEAM = 2UR7A92HF8;
				INFOPLIST_FILE = DataStructuresTests/Info.plist;
				LD_RUNPATH_SEARCH_PATHS = "$(inherited) @executable_path/Frameworks @loader_path/Frameworks";
				PRODUCT_BUNDLE_IDENTIFIER = Demetrio.DataStructuresTests;
				PRODUCT_NAME = "$(TARGET_NAME)";
				SWIFT_VERSION = 3.0;
				TEST_HOST = "$(BUILT_PRODUCTS_DIR)/DataStructures.app/DataStructures";
			};
			name = Release;
		};
/* End XCBuildConfiguration section */

/* Begin XCConfigurationList section */
		CE283A5F1F5F341900922B2E /* Build configuration list for PBXProject "DataStructures" */ = {
			isa = XCConfigurationList;
			buildConfigurations = (
				CE283A7F1F5F341900922B2E /* Debug */,
				CE283A801F5F341900922B2E /* Release */,
			);
			defaultConfigurationIsVisible = 0;
			defaultConfigurationName = Release;
		};
		CE283A811F5F341900922B2E /* Build configuration list for PBXNativeTarget "DataStructures" */ = {
			isa = XCConfigurationList;
			buildConfigurations = (
				CE283A821F5F341900922B2E /* Debug */,
				CE283A831F5F341900922B2E /* Release */,
			);
			defaultConfigurationIsVisible = 0;
		};
		CE283A841F5F341900922B2E /* Build configuration list for PBXNativeTarget "DataStructuresTests" */ = {
			isa = XCConfigurationList;
			buildConfigurations = (
				CE283A851F5F341900922B2E /* Debug */,
				CE283A861F5F341900922B2E /* Release */,
			);
			defaultConfigurationIsVisible = 0;
		};
/* End XCConfigurationList section */
	};
	rootObject = CE283A5C1F5F341900922B2E /* Project object */;
}
